// !$*UTF8*$!
{
	archiveVersion = 1;
	classes = {
	};
	objectVersion = 50;
	objects = {

/* Begin PBXBuildFile section */
		9F52779C2438442A00B1B2B0 /* AppDelegate.swift in Sources */ = {isa = PBXBuildFile; fileRef = 9F52779B2438442A00B1B2B0 /* AppDelegate.swift */; };
		9F52779E2438442A00B1B2B0 /* ViewController.swift in Sources */ = {isa = PBXBuildFile; fileRef = 9F52779D2438442A00B1B2B0 /* ViewController.swift */; };
		9F5277A12438442A00B1B2B0 /* Main.storyboard in Resources */ = {isa = PBXBuildFile; fileRef = 9F52779F2438442A00B1B2B0 /* Main.storyboard */; };
		9F5277A32438442B00B1B2B0 /* Assets.xcassets in Resources */ = {isa = PBXBuildFile; fileRef = 9F5277A22438442B00B1B2B0 /* Assets.xcassets */; };
		9F5277A62438442B00B1B2B0 /* LaunchScreen.storyboard in Resources */ = {isa = PBXBuildFile; fileRef = 9F5277A42438442B00B1B2B0 /* LaunchScreen.storyboard */; };
		9F5277AE2438443F00B1B2B0 /* Podfile in Resources */ = {isa = PBXBuildFile; fileRef = 9F5277AD2438443F00B1B2B0 /* Podfile */; };
		C7A1F68E1A204084F86CE74D /* libPods-GoMaps.a in Frameworks */ = {isa = PBXBuildFile; fileRef = DB096ECED0115F3BBD811D14 /* libPods-GoMaps.a */; };
/* End PBXBuildFile section */

/* Begin PBXFileReference section */
		6929C2425ACC86A89CBC6E9D /* Pods-GoMaps.debug.xcconfig */ = {isa = PBXFileReference; includeInIndex = 1; lastKnownFileType = text.xcconfig; name = "Pods-GoMaps.debug.xcconfig"; path = "Target Support Files/Pods-GoMaps/Pods-GoMaps.debug.xcconfig"; sourceTree = "<group>"; };
		9F5277982438442A00B1B2B0 /* GoMaps.app */ = {isa = PBXFileReference; explicitFileType = wrapper.application; includeInIndex = 0; path = GoMaps.app; sourceTree = BUILT_PRODUCTS_DIR; };
		9F52779B2438442A00B1B2B0 /* AppDelegate.swift */ = {isa = PBXFileReference; lastKnownFileType = sourcecode.swift; path = AppDelegate.swift; sourceTree = "<group>"; };
		9F52779D2438442A00B1B2B0 /* ViewController.swift */ = {isa = PBXFileReference; lastKnownFileType = sourcecode.swift; path = ViewController.swift; sourceTree = "<group>"; };
		9F5277A02438442A00B1B2B0 /* Base */ = {isa = PBXFileReference; lastKnownFileType = file.storyboard; name = Base; path = Base.lproj/Main.storyboard; sourceTree = "<group>"; };
		9F5277A22438442B00B1B2B0 /* Assets.xcassets */ = {isa = PBXFileReference; lastKnownFileType = folder.assetcatalog; path = Assets.xcassets; sourceTree = "<group>"; };
		9F5277A52438442B00B1B2B0 /* Base */ = {isa = PBXFileReference; lastKnownFileType = file.storyboard; name = Base; path = Base.lproj/LaunchScreen.storyboard; sourceTree = "<group>"; };
		9F5277A72438442B00B1B2B0 /* Info.plist */ = {isa = PBXFileReference; lastKnownFileType = text.plist.xml; path = Info.plist; sourceTree = "<group>"; };
		9F5277AD2438443F00B1B2B0 /* Podfile */ = {isa = PBXFileReference; lastKnownFileType = text; path = Podfile; sourceTree = "<group>"; };
		DB096ECED0115F3BBD811D14 /* libPods-GoMaps.a */ = {isa = PBXFileReference; explicitFileType = archive.ar; includeInIndex = 0; path = "libPods-GoMaps.a"; sourceTree = BUILT_PRODUCTS_DIR; };
		E302C92EC449F52FBB2F2ADF /* Pods-GoMaps.release.xcconfig */ = {isa = PBXFileReference; includeInIndex = 1; lastKnownFileType = text.xcconfig; name = "Pods-GoMaps.release.xcconfig"; path = "Target Support Files/Pods-GoMaps/Pods-GoMaps.release.xcconfig"; sourceTree = "<group>"; };
/* End PBXFileReference section */

/* Begin PBXFrameworksBuildPhase section */
		9F5277952438442A00B1B2B0 /* Frameworks */ = {
			isa = PBXFrameworksBuildPhase;
			buildActionMask = 2147483647;
			files = (
				C7A1F68E1A204084F86CE74D /* libPods-GoMaps.a in Frameworks */,
			);
			runOnlyForDeploymentPostprocessing = 0;
		};
/* End PBXFrameworksBuildPhase section */

/* Begin PBXGroup section */
		145ECFA89EEA771CB5DD0001 /* Pods */ = {
			isa = PBXGroup;
			children = (
				6929C2425ACC86A89CBC6E9D /* Pods-GoMaps.debug.xcconfig */,
				E302C92EC449F52FBB2F2ADF /* Pods-GoMaps.release.xcconfig */,
			);
			name = Pods;
			path = Pods;
			sourceTree = "<group>";
		};
		1E1F919F5D3D9C3E3E89A0BE /* Frameworks */ = {
			isa = PBXGroup;
			children = (
				DB096ECED0115F3BBD811D14 /* libPods-GoMaps.a */,
			);
			name = Frameworks;
			sourceTree = "<group>";
		};
		9F52778F2438442A00B1B2B0 = {
			isa = PBXGroup;
			children = (
				9F5277AD2438443F00B1B2B0 /* Podfile */,
				9F52779A2438442A00B1B2B0 /* GoMaps */,
				9F5277992438442A00B1B2B0 /* Products */,
				145ECFA89EEA771CB5DD0001 /* Pods */,
				1E1F919F5D3D9C3E3E89A0BE /* Frameworks */,
			);
			sourceTree = "<group>";
		};
		9F5277992438442A00B1B2B0 /* Products */ = {
			isa = PBXGroup;
			children = (
				9F5277982438442A00B1B2B0 /* GoMaps.app */,
			);
			name = Products;
			sourceTree = "<group>";
		};
		9F52779A2438442A00B1B2B0 /* GoMaps */ = {
			isa = PBXGroup;
			children = (
				9F52779B2438442A00B1B2B0 /* AppDelegate.swift */,
				9F52779D2438442A00B1B2B0 /* ViewController.swift */,
				9F52779F2438442A00B1B2B0 /* Main.storyboard */,
				9F5277A22438442B00B1B2B0 /* Assets.xcassets */,
				9F5277A42438442B00B1B2B0 /* LaunchScreen.storyboard */,
				9F5277A72438442B00B1B2B0 /* Info.plist */,
			);
			path = GoMaps;
			sourceTree = "<group>";
		};
/* End PBXGroup section */

/* Begin PBXNativeTarget section */
		9F5277972438442A00B1B2B0 /* GoMaps */ = {
			isa = PBXNativeTarget;
			buildConfigurationList = 9F5277AA2438442B00B1B2B0 /* Build configuration list for PBXNativeTarget "GoMaps" */;
			buildPhases = (
				61FEC7BCEA8FAD7D2D6A18A5 /* [CP] Check Pods Manifest.lock */,
				9F5277942438442A00B1B2B0 /* Sources */,
				9F5277952438442A00B1B2B0 /* Frameworks */,
				9F5277962438442A00B1B2B0 /* Resources */,
				A24362AB897BAA335094BCD1 /* [CP] Copy Pods Resources */,
			);
			buildRules = (
			);
			dependencies = (
			);
			name = GoMaps;
			productName = GoMaps;
			productReference = 9F5277982438442A00B1B2B0 /* GoMaps.app */;
			productType = "com.apple.product-type.application";
		};
/* End PBXNativeTarget section */

/* Begin PBXProject section */
		9F5277902438442A00B1B2B0 /* Project object */ = {
			isa = PBXProject;
			attributes = {
				LastSwiftUpdateCheck = 1010;
				LastUpgradeCheck = 1010;
				ORGANIZATIONNAME = "Miguel Angel Jimenez Melendez";
				TargetAttributes = {
					9F5277972438442A00B1B2B0 = {
						CreatedOnToolsVersion = 10.1;
					};
				};
			};
			buildConfigurationList = 9F5277932438442A00B1B2B0 /* Build configuration list for PBXProject "GoMaps" */;
			compatibilityVersion = "Xcode 9.3";
			developmentRegion = en;
			hasScannedForEncodings = 0;
			knownRegions = (
				en,
				Base,
			);
			mainGroup = 9F52778F2438442A00B1B2B0;
			productRefGroup = 9F5277992438442A00B1B2B0 /* Products */;
			projectDirPath = "";
			projectRoot = "";
			targets = (
				9F5277972438442A00B1B2B0 /* GoMaps */,
			);
		};
/* End PBXProject section */

/* Begin PBXResourcesBuildPhase section */
		9F5277962438442A00B1B2B0 /* Resources */ = {
			isa = PBXResourcesBuildPhase;
			buildActionMask = 2147483647;
			files = (
				9F5277A62438442B00B1B2B0 /* LaunchScreen.storyboard in Resources */,
				9F5277A32438442B00B1B2B0 /* Assets.xcassets in Resources */,
				9F5277AE2438443F00B1B2B0 /* Podfile in Resources */,
				9F5277A12438442A00B1B2B0 /* Main.storyboard in Resources */,
			);
			runOnlyForDeploymentPostprocessing = 0;
		};
/* End PBXResourcesBuildPhase section */

/* Begin PBXShellScriptBuildPhase section */
		61FEC7BCEA8FAD7D2D6A18A5 /* [CP] Check Pods Manifest.lock */ = {
			isa = PBXShellScriptBuildPhase;
			buildActionMask = 2147483647;
			files = (
			);
			inputFileListPaths = (
			);
			inputPaths = (
				"${PODS_PODFILE_DIR_PATH}/Podfile.lock",
				"${PODS_ROOT}/Manifest.lock",
			);
			name = "[CP] Check Pods Manifest.lock";
			outputFileListPaths = (
			);
			outputPaths = (
				"$(DERIVED_FILE_DIR)/Pods-GoMaps-checkManifestLockResult.txt",
			);
			runOnlyForDeploymentPostprocessing = 0;
			shellPath = /bin/sh;
			shellScript = "diff \"${PODS_PODFILE_DIR_PATH}/Podfile.lock\" \"${PODS_ROOT}/Manifest.lock\" > /dev/null\nif [ $? != 0 ] ; then\n    # print error to STDERR\n    echo \"error: The sandbox is not in sync with the Podfile.lock. Run 'pod install' or update your CocoaPods installation.\" >&2\n    exit 1\nfi\n# This output is used by Xcode 'outputs' to avoid re-running this script phase.\necho \"SUCCESS\" > \"${SCRIPT_OUTPUT_FILE_0}\"\n";
			showEnvVarsInLog = 0;
		};
		A24362AB897BAA335094BCD1 /* [CP] Copy Pods Resources */ = {
			isa = PBXShellScriptBuildPhase;
			buildActionMask = 2147483647;
			files = (
			);
			inputFileListPaths = (
				"${PODS_ROOT}/Target Support Files/Pods-GoMaps/Pods-GoMaps-resources-${CONFIGURATION}-input-files.xcfilelist",
			);
			name = "[CP] Copy Pods Resources";
			outputFileListPaths = (
				"${PODS_ROOT}/Target Support Files/Pods-GoMaps/Pods-GoMaps-resources-${CONFIGURATION}-output-files.xcfilelist",
			);
			runOnlyForDeploymentPostprocessing = 0;
			shellPath = /bin/sh;
			shellScript = "\"${PODS_ROOT}/Target Support Files/Pods-GoMaps/Pods-GoMaps-resources.sh\"\n";
			showEnvVarsInLog = 0;
		};
/* End PBXShellScriptBuildPhase section */

/* Begin PBXSourcesBuildPhase section */
		9F5277942438442A00B1B2B0 /* Sources */ = {
			isa = PBXSourcesBuildPhase;
			buildActionMask = 2147483647;
			files = (
				9F52779E2438442A00B1B2B0 /* ViewController.swift in Sources */,
				9F52779C2438442A00B1B2B0 /* AppDelegate.swift in Sources */,
			);
			runOnlyForDeploymentPostprocessing = 0;
		};
/* End PBXSourcesBuildPhase section */

/* Begin PBXVariantGroup section */
		9F52779F2438442A00B1B2B0 /* Main.storyboard */ = {
			isa = PBXVariantGroup;
			children = (
				9F5277A02438442A00B1B2B0 /* Base */,
			);
			name = Main.storyboard;
			sourceTree = "<group>";
		};
		9F5277A42438442B00B1B2B0 /* LaunchScreen.storyboard */ = {
			isa = PBXVariantGroup;
			children = (
				9F5277A52438442B00B1B2B0 /* Base */,
			);
			name = LaunchScreen.storyboard;
			sourceTree = "<group>";
		};
/* End PBXVariantGroup section */

/* Begin XCBuildConfiguration section */
		9F5277A82438442B00B1B2B0 /* Debug */ = {
			isa = XCBuildConfiguration;
			buildSettings = {
				ALWAYS_SEARCH_USER_PATHS = NO;
				CLANG_ANALYZER_NONNULL = YES;
				CLANG_ANALYZER_NUMBER_OBJECT_CONVERSION = YES_AGGRESSIVE;
				CLANG_CXX_LANGUAGE_STANDARD = "gnu++14";
				CLANG_CXX_LIBRARY = "libc++";
				CLANG_ENABLE_MODULES = YES;
				CLANG_ENABLE_OBJC_ARC = YES;
				CLANG_ENABLE_OBJC_WEAK = YES;
				CLANG_WARN_BLOCK_CAPTURE_AUTORELEASING = YES;
				CLANG_WARN_BOOL_CONVERSION = YES;
				CLANG_WARN_COMMA = YES;
				CLANG_WARN_CONSTANT_CONVERSION = YES;
				CLANG_WARN_DEPRECATED_OBJC_IMPLEMENTATIONS = YES;
				CLANG_WARN_DIRECT_OBJC_ISA_USAGE = YES_ERROR;
				CLANG_WARN_DOCUMENTATION_COMMENTS = YES;
				CLANG_WARN_EMPTY_BODY = YES;
				CLANG_WARN_ENUM_CONVERSION = YES;
				CLANG_WARN_INFINITE_RECURSION = YES;
				CLANG_WARN_INT_CONVERSION = YES;
				CLANG_WARN_NON_LITERAL_NULL_CONVERSION = YES;
				CLANG_WARN_OBJC_IMPLICIT_RETAIN_SELF = YES;
				CLANG_WARN_OBJC_LITERAL_CONVERSION = YES;
				CLANG_WARN_OBJC_ROOT_CLASS = YES_ERROR;
				CLANG_WARN_RANGE_LOOP_ANALYSIS = YES;
				CLANG_WARN_STRICT_PROTOTYPES = YES;
				CLANG_WARN_SUSPICIOUS_MOVE = YES;
				CLANG_WARN_UNGUARDED_AVAILABILITY = YES_AGGRESSIVE;
				CLANG_WARN_UNREACHABLE_CODE = YES;
				CLANG_WARN__DUPLICATE_METHOD_MATCH = YES;
				CODE_SIGN_IDENTITY = "iPhone Developer";
				COPY_PHASE_STRIP = NO;
				DEBUG_INFORMATION_FORMAT = dwarf;
				ENABLE_STRICT_OBJC_MSGSEND = YES;
				ENABLE_TESTABILITY = YES;
				GCC_C_LANGUAGE_STANDARD = gnu11;
				GCC_DYNAMIC_NO_PIC = NO;
				GCC_NO_COMMON_BLOCKS = YES;
				GCC_OPTIMIZATION_LEVEL = 0;
				GCC_PREPROCESSOR_DEFINITIONS = (
					"DEBUG=1",
					"$(inherited)",
				);
				GCC_WARN_64_TO_32_BIT_CONVERSION = YES;
				GCC_WARN_ABOUT_RETURN_TYPE = YES_ERROR;
				GCC_WARN_UNDECLARED_SELECTOR = YES;
				GCC_WARN_UNINITIALIZED_AUTOS = YES_AGGRESSIVE;
				GCC_WARN_UNUSED_FUNCTION = YES;
				GCC_WARN_UNUSED_VARIABLE = YES;
				IPHONEOS_DEPLOYMENT_TARGET = 12.1;
				MTL_ENABLE_DEBUG_INFO = INCLUDE_SOURCE;
				MTL_FAST_MATH = YES;
				ONLY_ACTIVE_ARCH = YES;
				SDKROOT = iphoneos;
				SWIFT_ACTIVE_COMPILATION_CONDITIONS = DEBUG;
				SWIFT_OPTIMIZATION_LEVEL = "-Onone";
			};
			name = Debug;
		};
		9F5277A92438442B00B1B2B0 /* Release */ = {
			isa = XCBuildConfiguration;
			buildSettings = {
				ALWAYS_SEARCH_USER_PATHS = NO;
				CLANG_ANALYZER_NONNULL = YES;
				CLANG_ANALYZER_NUMBER_OBJECT_CONVERSION = YES_AGGRESSIVE;
				CLANG_CXX_LANGUAGE_STANDARD = "gnu++14";
				CLANG_CXX_LIBRARY = "libc++";
				CLANG_ENABLE_MODULES = YES;
				CLANG_ENABLE_OBJC_ARC = YES;
				CLANG_ENABLE_OBJC_WEAK = YES;
				CLANG_WARN_BLOCK_CAPTURE_AUTORELEASING = YES;
				CLANG_WARN_BOOL_CONVERSION = YES;
				CLANG_WARN_COMMA = YES;
				CLANG_WARN_CONSTANT_CONVERSION = YES;
				CLANG_WARN_DEPRECATED_OBJC_IMPLEMENTATIONS = YES;
				CLANG_WARN_DIRECT_OBJC_ISA_USAGE = YES_ERROR;
				CLANG_WARN_DOCUMENTATION_COMMENTS = YES;
				CLANG_WARN_EMPTY_BODY = YES;
				CLANG_WARN_ENUM_CONVERSION = YES;
				CLANG_WARN_INFINITE_RECURSION = YES;
				CLANG_WARN_INT_CONVERSION = YES;
				CLANG_WARN_NON_LITERAL_NULL_CONVERSION = YES;
				CLANG_WARN_OBJC_IMPLICIT_RETAIN_SELF = YES;
				CLANG_WARN_OBJC_LITERAL_CONVERSION = YES;
				CLANG_WARN_OBJC_ROOT_CLASS = YES_ERROR;
				CLANG_WARN_RANGE_LOOP_ANALYSIS = YES;
				CLANG_WARN_STRICT_PROTOTYPES = YES;
				CLANG_WARN_SUSPICIOUS_MOVE = YES;
				CLANG_WARN_UNGUARDED_AVAILABILITY = YES_AGGRESSIVE;
				CLANG_WARN_UNREACHABLE_CODE = YES;
				CLANG_WARN__DUPLICATE_METHOD_MATCH = YES;
				CODE_SIGN_IDENTITY = "iPhone Developer";
				COPY_PHASE_STRIP = NO;
				DEBUG_INFORMATION_FORMAT = "dwarf-with-dsym";
				ENABLE_NS_ASSERTIONS = NO;
				ENABLE_STRICT_OBJC_MSGSEND = YES;
				GCC_C_LANGUAGE_STANDARD = gnu11;
				GCC_NO_COMMON_BLOCKS = YES;
				GCC_WARN_64_TO_32_BIT_CONVERSION = YES;
				GCC_WARN_ABOUT_RETURN_TYPE = YES_ERROR;
				GCC_WARN_UNDECLARED_SELECTOR = YES;
				GCC_WARN_UNINITIALIZED_AUTOS = YES_AGGRESSIVE;
				GCC_WARN_UNUSED_FUNCTION = YES;
				GCC_WARN_UNUSED_VARIABLE = YES;
				IPHONEOS_DEPLOYMENT_TARGET = 12.1;
				MTL_ENABLE_DEBUG_INFO = NO;
				MTL_FAST_MATH = YES;
				SDKROOT = iphoneos;
				SWIFT_COMPILATION_MODE = wholemodule;
				SWIFT_OPTIMIZATION_LEVEL = "-O";
				VALIDATE_PRODUCT = YES;
			};
			name = Release;
		};
		9F5277AB2438442B00B1B2B0 /* Debug */ = {
			isa = XCBuildConfiguration;
			baseConfigurationReference = 6929C2425ACC86A89CBC6E9D /* Pods-GoMaps.debug.xcconfig */;
			buildSettings = {
				ASSETCATALOG_COMPILER_APPICON_NAME = AppIcon;
				CODE_SIGN_STYLE = Automatic;
				INFOPLIST_FILE = GoMaps/Info.plist;
				LD_RUNPATH_SEARCH_PATHS = (
					"$(inherited)",
					"@executable_path/Frameworks",
				);
				PRODUCT_BUNDLE_IDENTIFIER = migueajm9724.GoMaps;
				PRODUCT_NAME = "$(TARGET_NAME)";
				SWIFT_VERSION = 4.2;
				TARGETED_DEVICE_FAMILY = "1,2";
			};
			name = Debug;
		};
		9F5277AC2438442B00B1B2B0 /* Release */ = {
			isa = XCBuildConfiguration;
			baseConfigurationReference = E302C92EC449F52FBB2F2ADF /* Pods-GoMaps.release.xcconfig */;
			buildSettings = {
				ASSETCATALOG_COMPILER_APPICON_NAME = AppIcon;
				CODE_SIGN_STYLE = Automatic;
				INFOPLIST_FILE = GoMaps/Info.plist;
				LD_RUNPATH_SEARCH_PATHS = (
					"$(inherited)",
					"@executable_path/Frameworks",
				);
				PRODUCT_BUNDLE_IDENTIFIER = migueajm9724.GoMaps;
				PRODUCT_NAME = "$(TARGET_NAME)";
				SWIFT_VERSION = 4.2;
				TARGETED_DEVICE_FAMILY = "1,2";
			};
			name = Release;
		};
/* End XCBuildConfiguration section */

/* Begin XCConfigurationList section */
		9F5277932438442A00B1B2B0 /* Build configuration list for PBXProject "GoMaps" */ = {
			isa = XCConfigurationList;
			buildConfigurations = (
				9F5277A82438442B00B1B2B0 /* Debug */,
				9F5277A92438442B00B1B2B0 /* Release */,
			);
			defaultConfigurationIsVisible = 0;
			defaultConfigurationName = Release;
		};
		9F5277AA2438442B00B1B2B0 /* Build configuration list for PBXNativeTarget "GoMaps" */ = {
			isa = XCConfigurationList;
			buildConfigurations = (
				9F5277AB2438442B00B1B2B0 /* Debug */,
				9F5277AC2438442B00B1B2B0 /* Release */,
			);
			defaultConfigurationIsVisible = 0;
			defaultConfigurationName = Release;
		};
/* End XCConfigurationList section */
	};
	rootObject = 9F5277902438442A00B1B2B0 /* Project object */;
}
